
Microsoft Visual Studio Solution File, Format Version 12.00
# Visual Studio Version 17
VisualStudioVersion = 17.5.33424.131
MinimumVisualStudioVersion = 10.0.40219.1
Project("{FAE04EC0-301F-11D3-BF4B-00C04F79EFBC}") = "ProjekatWPF", "ProjekatWPF\ProjekatWPF.csproj", "{6346C0F4-D9EB-43B6-8C18-1CE277980A17}"
EndProject
Global
	GlobalSection(SolutionConfigurationPlatforms) = preSolution
		Debug|Any CPU = Debug|Any CPU
		Release|Any CPU = Release|Any CPU
	EndGlobalSection
	GlobalSection(ProjectConfigurationPlatforms) = postSolution
		{6346C0F4-D9EB-43B6-8C18-1CE277980A17}.Debug|Any CPU.ActiveCfg = Debug|Any CPU
		{6346C0F4-D9EB-43B6-8C18-1CE277980A17}.Debug|Any CPU.Build.0 = Debug|Any CPU
		{6346C0F4-D9EB-43B6-8C18-1CE277980A17}.Release|Any CPU.ActiveCfg = Release|Any CPU
		{6346C0F4-D9EB-43B6-8C18-1CE277980A17}.Release|Any CPU.Build.0 = Release|Any CPU
	EndGlobalSection
	GlobalSection(SolutionProperties) = preSolution
		HideSolutionNode = FALSE
	EndGlobalSection
	GlobalSection(ExtensibilityGlobals) = postSolution
		SolutionGuid = {279B1A59-C3BD-4E1C-9B76-F2EAB6848386}
	EndGlobalSection
EndGlobal
